
Microsoft Visual Studio Solution File, Format Version 12.00
# Visual Studio 14
VisualStudioVersion = 14.0.25420.1
MinimumVisualStudioVersion = 10.0.40219.1
Project("{F14B399A-7131-4C87-9E4B-1186C45EF12D}") = "SSRS.Test", "SSRS.Test\SSRS.Test.rptproj", "{AB73209A-52EA-439A-A2DE-832C34EA4250}"
EndProject
Global
	GlobalSection(SolutionConfigurationPlatforms) = preSolution
		Debug|Default = Debug|Default
		DebugLocal|Default = DebugLocal|Default
		Release|Default = Release|Default
	EndGlobalSection
	GlobalSection(ProjectConfigurationPlatforms) = postSolution
		{AB73209A-52EA-439A-A2DE-832C34EA4250}.Debug|Default.ActiveCfg = Debug
		{AB73209A-52EA-439A-A2DE-832C34EA4250}.Debug|Default.Build.0 = Debug
		{AB73209A-52EA-439A-A2DE-832C34EA4250}.Debug|Default.Deploy.0 = Debug
		{AB73209A-52EA-439A-A2DE-832C34EA4250}.DebugLocal|Default.ActiveCfg = DebugLocal
		{AB73209A-52EA-439A-A2DE-832C34EA4250}.DebugLocal|Default.Build.0 = DebugLocal
		{AB73209A-52EA-439A-A2DE-832C34EA4250}.Release|Default.ActiveCfg = Release
		{AB73209A-52EA-439A-A2DE-832C34EA4250}.Release|Default.Build.0 = Release
		{AB73209A-52EA-439A-A2DE-832C34EA4250}.Release|Default.Deploy.0 = Release
	EndGlobalSection
	GlobalSection(SolutionProperties) = preSolution
		HideSolutionNode = FALSE
	EndGlobalSection
EndGlobal
